
Microsoft Visual Studio Solution File, Format Version 12.00
# Visual Studio Version 17
VisualStudioVersion = 17.8.34330.188
MinimumVisualStudioVersion = 10.0.40219.1
Project("{FAE04EC0-301F-11D3-BF4B-00C04F79EFBC}") = "FligthPlanner", "FligthPlanner\FligthPlanner.csproj", "{6E6DA673-BA4E-423B-B51A-84DEF8FC95C9}"
EndProject
Global
	GlobalSection(SolutionConfigurationPlatforms) = preSolution
		Debug|Any CPU = Debug|Any CPU
		Release|Any CPU = Release|Any CPU
	EndGlobalSection
	GlobalSection(ProjectConfigurationPlatforms) = postSolution
		{6E6DA673-BA4E-423B-B51A-84DEF8FC95C9}.Debug|Any CPU.ActiveCfg = Debug|Any CPU
		{6E6DA673-BA4E-423B-B51A-84DEF8FC95C9}.Debug|Any CPU.Build.0 = Debug|Any CPU
		{6E6DA673-BA4E-423B-B51A-84DEF8FC95C9}.Release|Any CPU.ActiveCfg = Release|Any CPU
		{6E6DA673-BA4E-423B-B51A-84DEF8FC95C9}.Release|Any CPU.Build.0 = Release|Any CPU
	EndGlobalSection
	GlobalSection(SolutionProperties) = preSolution
		HideSolutionNode = FALSE
	EndGlobalSection
	GlobalSection(ExtensibilityGlobals) = postSolution
		SolutionGuid = {2BEA3DFE-ADB9-4FBF-8A47-B10028187DB2}
	EndGlobalSection
EndGlobal
